// !$*UTF8*$!
{
	archiveVersion = 1;
	classes = {
	};
	objectVersion = 46;
	objects = {

/* Begin PBXBuildFile section */
		5BF0D3471F6A60F400698821 /* main.m in Sources */ = {isa = PBXBuildFile; fileRef = 5BF0D3461F6A60F400698821 /* main.m */; };
		5BF0D34A1F6A60F400698821 /* AppDelegate.m in Sources */ = {isa = PBXBuildFile; fileRef = 5BF0D3491F6A60F400698821 /* AppDelegate.m */; };
		5BF0D3551F6A60F500698821 /* Assets.xcassets in Resources */ = {isa = PBXBuildFile; fileRef = 5BF0D3541F6A60F500698821 /* Assets.xcassets */; };
		5BF0D3631F6A60F500698821 /* HackerNewsReaderTests.m in Sources */ = {isa = PBXBuildFile; fileRef = 5BF0D3621F6A60F500698821 /* HackerNewsReaderTests.m */; };
		5BF0D3771F6A6AEC00698821 /* LaunchScreen.storyboard in Resources */ = {isa = PBXBuildFile; fileRef = 5BF0D3731F6A6AEC00698821 /* LaunchScreen.storyboard */; };
		5BF0D3781F6A6AEC00698821 /* Main.storyboard in Resources */ = {isa = PBXBuildFile; fileRef = 5BF0D3751F6A6AEC00698821 /* Main.storyboard */; };
		5BF0D37D1F6A6B0200698821 /* NewTopViewController.m in Sources */ = {isa = PBXBuildFile; fileRef = 5BF0D37A1F6A6B0200698821 /* NewTopViewController.m */; };
		5BF0D37E1F6A6B0200698821 /* SavedForLaterViewController.m in Sources */ = {isa = PBXBuildFile; fileRef = 5BF0D37C1F6A6B0200698821 /* SavedForLaterViewController.m */; };
		5BF0D3871F6A78D500698821 /* NewsStoryViewController.m in Sources */ = {isa = PBXBuildFile; fileRef = 5BF0D3861F6A78D500698821 /* NewsStoryViewController.m */; };
		5BF0D3901F6AC0F900698821 /* Model.xcdatamodeld in Sources */ = {isa = PBXBuildFile; fileRef = 5BF0D38E1F6AC0F900698821 /* Model.xcdatamodeld */; };
		5BF0D3951F6AC38400698821 /* NewsStory+CoreDataClass.m in Sources */ = {isa = PBXBuildFile; fileRef = 5BF0D3921F6AC38400698821 /* NewsStory+CoreDataClass.m */; };
		5BF0D3961F6AC38400698821 /* NewsStory+CoreDataProperties.m in Sources */ = {isa = PBXBuildFile; fileRef = 5BF0D3941F6AC38400698821 /* NewsStory+CoreDataProperties.m */; };
		5BF0D39C1F6ACACD00698821 /* HackerNewsApiClient.m in Sources */ = {isa = PBXBuildFile; fileRef = 5BF0D39B1F6ACACD00698821 /* HackerNewsApiClient.m */; };
		5BF0D39F1F6AE40A00698821 /* HackerNewsStory.m in Sources */ = {isa = PBXBuildFile; fileRef = 5BF0D39E1F6AE40A00698821 /* HackerNewsStory.m */; };
		5BF0D3A21F6AEE1E00698821 /* NewsStoriesDataSource.m in Sources */ = {isa = PBXBuildFile; fileRef = 5BF0D3A11F6AEE1E00698821 /* NewsStoriesDataSource.m */; };
		5BF0D3A81F6AF48E00698821 /* StoryTableViewCell.m in Sources */ = {isa = PBXBuildFile; fileRef = 5BF0D3A61F6AF48E00698821 /* StoryTableViewCell.m */; };
		5BF0D3A91F6AF48E00698821 /* StoryTableViewCell.xib in Resources */ = {isa = PBXBuildFile; fileRef = 5BF0D3A71F6AF48E00698821 /* StoryTableViewCell.xib */; };
		E06D90EBAC9AF66E367190D8 /* libPods-HackerNewsReader.a in Frameworks */ = {isa = PBXBuildFile; fileRef = 99ED90B496F3B5D86F20409C /* libPods-HackerNewsReader.a */; };
		E272FA1B1544C86B1596A9C8 /* libPods-HackerNewsReaderTests.a in Frameworks */ = {isa = PBXBuildFile; fileRef = 63FDFA93CDA12FCA2F2E0832 /* libPods-HackerNewsReaderTests.a */; };
/* End PBXBuildFile section */

/* Begin PBXContainerItemProxy section */
		5BF0D35F1F6A60F500698821 /* PBXContainerItemProxy */ = {
			isa = PBXContainerItemProxy;
			containerPortal = 5BF0D33A1F6A60F400698821 /* Project object */;
			proxyType = 1;
			remoteGlobalIDString = 5BF0D3411F6A60F400698821;
			remoteInfo = HackerNewsReader;
		};
/* End PBXContainerItemProxy section */

/* Begin PBXFileReference section */
		2EC9C2B50D041D1DD8812F52 /* Pods-HackerNewsReaderTests.release.xcconfig */ = {isa = PBXFileReference; includeInIndex = 1; lastKnownFileType = text.xcconfig; name = "Pods-HackerNewsReaderTests.release.xcconfig"; path = "Pods/Target Support Files/Pods-HackerNewsReaderTests/Pods-HackerNewsReaderTests.release.xcconfig"; sourceTree = "<group>"; };
		5BF0D3421F6A60F400698821 /* HackerNewsReader.app */ = {isa = PBXFileReference; explicitFileType = wrapper.application; includeInIndex = 0; path = HackerNewsReader.app; sourceTree = BUILT_PRODUCTS_DIR; };
		5BF0D3461F6A60F400698821 /* main.m */ = {isa = PBXFileReference; lastKnownFileType = sourcecode.c.objc; path = main.m; sourceTree = "<group>"; };
		5BF0D3481F6A60F400698821 /* AppDelegate.h */ = {isa = PBXFileReference; lastKnownFileType = sourcecode.c.h; path = AppDelegate.h; sourceTree = "<group>"; };
		5BF0D3491F6A60F400698821 /* AppDelegate.m */ = {isa = PBXFileReference; lastKnownFileType = sourcecode.c.objc; path = AppDelegate.m; sourceTree = "<group>"; };
		5BF0D3541F6A60F500698821 /* Assets.xcassets */ = {isa = PBXFileReference; lastKnownFileType = folder.assetcatalog; path = Assets.xcassets; sourceTree = "<group>"; };
		5BF0D3591F6A60F500698821 /* Info.plist */ = {isa = PBXFileReference; lastKnownFileType = text.plist.xml; path = Info.plist; sourceTree = "<group>"; };
		5BF0D35E1F6A60F500698821 /* HackerNewsReaderTests.xctest */ = {isa = PBXFileReference; explicitFileType = wrapper.cfbundle; includeInIndex = 0; path = HackerNewsReaderTests.xctest; sourceTree = BUILT_PRODUCTS_DIR; };
		5BF0D3621F6A60F500698821 /* HackerNewsReaderTests.m */ = {isa = PBXFileReference; lastKnownFileType = sourcecode.c.objc; path = HackerNewsReaderTests.m; sourceTree = "<group>"; };
		5BF0D3641F6A60F500698821 /* Info.plist */ = {isa = PBXFileReference; lastKnownFileType = text.plist.xml; path = Info.plist; sourceTree = "<group>"; };
		5BF0D3741F6A6AEC00698821 /* Base */ = {isa = PBXFileReference; lastKnownFileType = file.storyboard; name = Base; path = Storyboards/Base.lproj/LaunchScreen.storyboard; sourceTree = "<group>"; };
		5BF0D3761F6A6AEC00698821 /* Base */ = {isa = PBXFileReference; lastKnownFileType = file.storyboard; name = Base; path = Storyboards/Base.lproj/Main.storyboard; sourceTree = "<group>"; };
		5BF0D3791F6A6B0200698821 /* NewTopViewController.h */ = {isa = PBXFileReference; fileEncoding = 4; lastKnownFileType = sourcecode.c.h; name = NewTopViewController.h; path = "View Controllers/NewTopViewController.h"; sourceTree = "<group>"; };
		5BF0D37A1F6A6B0200698821 /* NewTopViewController.m */ = {isa = PBXFileReference; fileEncoding = 4; lastKnownFileType = sourcecode.c.objc; name = NewTopViewController.m; path = "View Controllers/NewTopViewController.m"; sourceTree = "<group>"; };
		5BF0D37B1F6A6B0200698821 /* SavedForLaterViewController.h */ = {isa = PBXFileReference; fileEncoding = 4; lastKnownFileType = sourcecode.c.h; name = SavedForLaterViewController.h; path = "View Controllers/SavedForLaterViewController.h"; sourceTree = "<group>"; };
		5BF0D37C1F6A6B0200698821 /* SavedForLaterViewController.m */ = {isa = PBXFileReference; fileEncoding = 4; lastKnownFileType = sourcecode.c.objc; name = SavedForLaterViewController.m; path = "View Controllers/SavedForLaterViewController.m"; sourceTree = "<group>"; };
		5BF0D3851F6A78D500698821 /* NewsStoryViewController.h */ = {isa = PBXFileReference; fileEncoding = 4; lastKnownFileType = sourcecode.c.h; name = NewsStoryViewController.h; path = "View Controllers/NewsStoryViewController.h"; sourceTree = "<group>"; };
		5BF0D3861F6A78D500698821 /* NewsStoryViewController.m */ = {isa = PBXFileReference; fileEncoding = 4; lastKnownFileType = sourcecode.c.objc; name = NewsStoryViewController.m; path = "View Controllers/NewsStoryViewController.m"; sourceTree = "<group>"; };
		5BF0D38F1F6AC0F900698821 /* Model.xcdatamodel */ = {isa = PBXFileReference; lastKnownFileType = wrapper.xcdatamodel; path = Model.xcdatamodel; sourceTree = "<group>"; };
		5BF0D3911F6AC38400698821 /* NewsStory+CoreDataClass.h */ = {isa = PBXFileReference; fileEncoding = 4; lastKnownFileType = sourcecode.c.h; name = "NewsStory+CoreDataClass.h"; path = "Models/NewsStory+CoreDataClass.h"; sourceTree = "<group>"; };
		5BF0D3921F6AC38400698821 /* NewsStory+CoreDataClass.m */ = {isa = PBXFileReference; fileEncoding = 4; lastKnownFileType = sourcecode.c.objc; name = "NewsStory+CoreDataClass.m"; path = "Models/NewsStory+CoreDataClass.m"; sourceTree = "<group>"; };
		5BF0D3931F6AC38400698821 /* NewsStory+CoreDataProperties.h */ = {isa = PBXFileReference; fileEncoding = 4; lastKnownFileType = sourcecode.c.h; name = "NewsStory+CoreDataProperties.h"; path = "Models/NewsStory+CoreDataProperties.h"; sourceTree = "<group>"; };
		5BF0D3941F6AC38400698821 /* NewsStory+CoreDataProperties.m */ = {isa = PBXFileReference; fileEncoding = 4; lastKnownFileType = sourcecode.c.objc; name = "NewsStory+CoreDataProperties.m"; path = "Models/NewsStory+CoreDataProperties.m"; sourceTree = "<group>"; };
		5BF0D39A1F6ACACD00698821 /* HackerNewsApiClient.h */ = {isa = PBXFileReference; fileEncoding = 4; lastKnownFileType = sourcecode.c.h; name = HackerNewsApiClient.h; path = Models/HackerNewsApiClient.h; sourceTree = "<group>"; };
		5BF0D39B1F6ACACD00698821 /* HackerNewsApiClient.m */ = {isa = PBXFileReference; fileEncoding = 4; lastKnownFileType = sourcecode.c.objc; name = HackerNewsApiClient.m; path = Models/HackerNewsApiClient.m; sourceTree = "<group>"; };
		5BF0D39D1F6AE40A00698821 /* HackerNewsStory.h */ = {isa = PBXFileReference; fileEncoding = 4; lastKnownFileType = sourcecode.c.h; name = HackerNewsStory.h; path = Models/HackerNewsStory.h; sourceTree = "<group>"; };
		5BF0D39E1F6AE40A00698821 /* HackerNewsStory.m */ = {isa = PBXFileReference; fileEncoding = 4; lastKnownFileType = sourcecode.c.objc; name = HackerNewsStory.m; path = Models/HackerNewsStory.m; sourceTree = "<group>"; };
		5BF0D3A01F6AEE1E00698821 /* NewsStoriesDataSource.h */ = {isa = PBXFileReference; fileEncoding = 4; lastKnownFileType = sourcecode.c.h; name = NewsStoriesDataSource.h; path = Models/NewsStoriesDataSource.h; sourceTree = "<group>"; };
		5BF0D3A11F6AEE1E00698821 /* NewsStoriesDataSource.m */ = {isa = PBXFileReference; fileEncoding = 4; lastKnownFileType = sourcecode.c.objc; name = NewsStoriesDataSource.m; path = Models/NewsStoriesDataSource.m; sourceTree = "<group>"; };
		5BF0D3A51F6AF48E00698821 /* StoryTableViewCell.h */ = {isa = PBXFileReference; fileEncoding = 4; lastKnownFileType = sourcecode.c.h; name = StoryTableViewCell.h; path = Views/StoryTableViewCell.h; sourceTree = "<group>"; };
		5BF0D3A61F6AF48E00698821 /* StoryTableViewCell.m */ = {isa = PBXFileReference; fileEncoding = 4; lastKnownFileType = sourcecode.c.objc; name = StoryTableViewCell.m; path = Views/StoryTableViewCell.m; sourceTree = "<group>"; };
		5BF0D3A71F6AF48E00698821 /* StoryTableViewCell.xib */ = {isa = PBXFileReference; fileEncoding = 4; lastKnownFileType = file.xib; name = StoryTableViewCell.xib; path = Views/StoryTableViewCell.xib; sourceTree = "<group>"; };
		63FDFA93CDA12FCA2F2E0832 /* libPods-HackerNewsReaderTests.a */ = {isa = PBXFileReference; explicitFileType = archive.ar; includeInIndex = 0; path = "libPods-HackerNewsReaderTests.a"; sourceTree = BUILT_PRODUCTS_DIR; };
		8D91C4C247B2E07AF9FDBA16 /* Pods-HackerNewsReaderTests.debug.xcconfig */ = {isa = PBXFileReference; includeInIndex = 1; lastKnownFileType = text.xcconfig; name = "Pods-HackerNewsReaderTests.debug.xcconfig"; path = "Pods/Target Support Files/Pods-HackerNewsReaderTests/Pods-HackerNewsReaderTests.debug.xcconfig"; sourceTree = "<group>"; };
		99ED90B496F3B5D86F20409C /* libPods-HackerNewsReader.a */ = {isa = PBXFileReference; explicitFileType = archive.ar; includeInIndex = 0; path = "libPods-HackerNewsReader.a"; sourceTree = BUILT_PRODUCTS_DIR; };
		C7F0E4E077D8805A06D0E74D /* Pods-HackerNewsReader.release.xcconfig */ = {isa = PBXFileReference; includeInIndex = 1; lastKnownFileType = text.xcconfig; name = "Pods-HackerNewsReader.release.xcconfig"; path = "Pods/Target Support Files/Pods-HackerNewsReader/Pods-HackerNewsReader.release.xcconfig"; sourceTree = "<group>"; };
		F5E11DD482E34D759B495DDD /* Pods-HackerNewsReader.debug.xcconfig */ = {isa = PBXFileReference; includeInIndex = 1; lastKnownFileType = text.xcconfig; name = "Pods-HackerNewsReader.debug.xcconfig"; path = "Pods/Target Support Files/Pods-HackerNewsReader/Pods-HackerNewsReader.debug.xcconfig"; sourceTree = "<group>"; };
/* End PBXFileReference section */

/* Begin PBXFrameworksBuildPhase section */
		5BF0D33F1F6A60F400698821 /* Frameworks */ = {
			isa = PBXFrameworksBuildPhase;
			buildActionMask = 2147483647;
			files = (
				E06D90EBAC9AF66E367190D8 /* libPods-HackerNewsReader.a in Frameworks */,
			);
			runOnlyForDeploymentPostprocessing = 0;
		};
		5BF0D35B1F6A60F500698821 /* Frameworks */ = {
			isa = PBXFrameworksBuildPhase;
			buildActionMask = 2147483647;
			files = (
				E272FA1B1544C86B1596A9C8 /* libPods-HackerNewsReaderTests.a in Frameworks */,
			);
			runOnlyForDeploymentPostprocessing = 0;
		};
/* End PBXFrameworksBuildPhase section */

/* Begin PBXGroup section */
		5BF0D3391F6A60F400698821 = {
			isa = PBXGroup;
			children = (
				5BF0D3441F6A60F400698821 /* HackerNewsReader */,
				5BF0D3611F6A60F500698821 /* HackerNewsReaderTests */,
				5BF0D3431F6A60F400698821 /* Products */,
				E7FD9673E10DE9577DDF7E7C /* Pods */,
				68674E84A20C60ACC6ACE0B4 /* Frameworks */,
			);
			sourceTree = "<group>";
		};
		5BF0D3431F6A60F400698821 /* Products */ = {
			isa = PBXGroup;
			children = (
				5BF0D3421F6A60F400698821 /* HackerNewsReader.app */,
				5BF0D35E1F6A60F500698821 /* HackerNewsReaderTests.xctest */,
			);
			name = Products;
			sourceTree = "<group>";
		};
		5BF0D3441F6A60F400698821 /* HackerNewsReader */ = {
			isa = PBXGroup;
			children = (
				5BF0D36F1F6A69D900698821 /* Storyboards */,
				5BF0D3701F6A6A0100698821 /* Models */,
				5BF0D36E1F6A69CB00698821 /* Views */,
				5BF0D36D1F6A69A900698821 /* View Controllers */,
				5BF0D3481F6A60F400698821 /* AppDelegate.h */,
				5BF0D3491F6A60F400698821 /* AppDelegate.m */,
				5BF0D3541F6A60F500698821 /* Assets.xcassets */,
				5BF0D3591F6A60F500698821 /* Info.plist */,
				5BF0D3451F6A60F400698821 /* Supporting Files */,
			);
			path = HackerNewsReader;
			sourceTree = "<group>";
		};
		5BF0D3451F6A60F400698821 /* Supporting Files */ = {
			isa = PBXGroup;
			children = (
				5BF0D3461F6A60F400698821 /* main.m */,
			);
			name = "Supporting Files";
			sourceTree = "<group>";
		};
		5BF0D3611F6A60F500698821 /* HackerNewsReaderTests */ = {
			isa = PBXGroup;
			children = (
				5BF0D3621F6A60F500698821 /* HackerNewsReaderTests.m */,
				5BF0D3641F6A60F500698821 /* Info.plist */,
			);
			path = HackerNewsReaderTests;
			sourceTree = "<group>";
		};
		5BF0D36D1F6A69A900698821 /* View Controllers */ = {
			isa = PBXGroup;
			children = (
				5BF0D3791F6A6B0200698821 /* NewTopViewController.h */,
				5BF0D37A1F6A6B0200698821 /* NewTopViewController.m */,
				5BF0D37B1F6A6B0200698821 /* SavedForLaterViewController.h */,
				5BF0D37C1F6A6B0200698821 /* SavedForLaterViewController.m */,
				5BF0D3851F6A78D500698821 /* NewsStoryViewController.h */,
				5BF0D3861F6A78D500698821 /* NewsStoryViewController.m */,
			);
			name = "View Controllers";
			sourceTree = "<group>";
		};
		5BF0D36E1F6A69CB00698821 /* Views */ = {
			isa = PBXGroup;
			children = (
				5BF0D3A51F6AF48E00698821 /* StoryTableViewCell.h */,
				5BF0D3A61F6AF48E00698821 /* StoryTableViewCell.m */,
				5BF0D3A71F6AF48E00698821 /* StoryTableViewCell.xib */,
			);
			name = Views;
			sourceTree = "<group>";
		};
		5BF0D36F1F6A69D900698821 /* Storyboards */ = {
			isa = PBXGroup;
			children = (
				5BF0D3731F6A6AEC00698821 /* LaunchScreen.storyboard */,
				5BF0D3751F6A6AEC00698821 /* Main.storyboard */,
			);
			name = Storyboards;
			sourceTree = "<group>";
		};
		5BF0D3701F6A6A0100698821 /* Models */ = {
			isa = PBXGroup;
			children = (
				5BF0D38E1F6AC0F900698821 /* Model.xcdatamodeld */,
				5BF0D3911F6AC38400698821 /* NewsStory+CoreDataClass.h */,
				5BF0D3921F6AC38400698821 /* NewsStory+CoreDataClass.m */,
				5BF0D3931F6AC38400698821 /* NewsStory+CoreDataProperties.h */,
				5BF0D3941F6AC38400698821 /* NewsStory+CoreDataProperties.m */,
				5BF0D39A1F6ACACD00698821 /* HackerNewsApiClient.h */,
				5BF0D39B1F6ACACD00698821 /* HackerNewsApiClient.m */,
				5BF0D39D1F6AE40A00698821 /* HackerNewsStory.h */,
				5BF0D39E1F6AE40A00698821 /* HackerNewsStory.m */,
				5BF0D3A01F6AEE1E00698821 /* NewsStoriesDataSource.h */,
				5BF0D3A11F6AEE1E00698821 /* NewsStoriesDataSource.m */,
			);
			name = Models;
			sourceTree = "<group>";
		};
		68674E84A20C60ACC6ACE0B4 /* Frameworks */ = {
			isa = PBXGroup;
			children = (
				99ED90B496F3B5D86F20409C /* libPods-HackerNewsReader.a */,
				63FDFA93CDA12FCA2F2E0832 /* libPods-HackerNewsReaderTests.a */,
			);
			name = Frameworks;
			sourceTree = "<group>";
		};
		E7FD9673E10DE9577DDF7E7C /* Pods */ = {
			isa = PBXGroup;
			children = (
				F5E11DD482E34D759B495DDD /* Pods-HackerNewsReader.debug.xcconfig */,
				C7F0E4E077D8805A06D0E74D /* Pods-HackerNewsReader.release.xcconfig */,
				8D91C4C247B2E07AF9FDBA16 /* Pods-HackerNewsReaderTests.debug.xcconfig */,
				2EC9C2B50D041D1DD8812F52 /* Pods-HackerNewsReaderTests.release.xcconfig */,
			);
			name = Pods;
			sourceTree = "<group>";
		};
/* End PBXGroup section */

/* Begin PBXNativeTarget section */
		5BF0D3411F6A60F400698821 /* HackerNewsReader */ = {
			isa = PBXNativeTarget;
			buildConfigurationList = 5BF0D3671F6A60F500698821 /* Build configuration list for PBXNativeTarget "HackerNewsReader" */;
			buildPhases = (
				218043AC01F7E9F961CEA154 /* [CP] Check Pods Manifest.lock */,
				5BF0D33E1F6A60F400698821 /* Sources */,
				5BF0D33F1F6A60F400698821 /* Frameworks */,
				5BF0D3401F6A60F400698821 /* Resources */,
				FABEAF4C5762F94ED98A653E /* [CP] Embed Pods Frameworks */,
				6B35C6D2A653584805887BEE /* [CP] Copy Pods Resources */,
			);
			buildRules = (
			);
			dependencies = (
			);
			name = HackerNewsReader;
			productName = HackerNewsReader;
			productReference = 5BF0D3421F6A60F400698821 /* HackerNewsReader.app */;
			productType = "com.apple.product-type.application";
		};
		5BF0D35D1F6A60F500698821 /* HackerNewsReaderTests */ = {
			isa = PBXNativeTarget;
			buildConfigurationList = 5BF0D36A1F6A60F500698821 /* Build configuration list for PBXNativeTarget "HackerNewsReaderTests" */;
			buildPhases = (
				5E0823E0CAA7B9E5A5FF799A /* [CP] Check Pods Manifest.lock */,
				5BF0D35A1F6A60F500698821 /* Sources */,
				5BF0D35B1F6A60F500698821 /* Frameworks */,
				5BF0D35C1F6A60F500698821 /* Resources */,
				AB7AF0BDDEA1A862A4CEDEB3 /* [CP] Embed Pods Frameworks */,
				9FCE87516B8696BBD4F0FB32 /* [CP] Copy Pods Resources */,
			);
			buildRules = (
			);
			dependencies = (
				5BF0D3601F6A60F500698821 /* PBXTargetDependency */,
			);
			name = HackerNewsReaderTests;
			productName = HackerNewsReaderTests;
			productReference = 5BF0D35E1F6A60F500698821 /* HackerNewsReaderTests.xctest */;
			productType = "com.apple.product-type.bundle.unit-test";
		};
/* End PBXNativeTarget section */

/* Begin PBXProject section */
		5BF0D33A1F6A60F400698821 /* Project object */ = {
			isa = PBXProject;
			attributes = {
				LastUpgradeCheck = 0820;
				ORGANIZATIONNAME = cvlad;
				TargetAttributes = {
					5BF0D3411F6A60F400698821 = {
						CreatedOnToolsVersion = 8.2.1;
						ProvisioningStyle = Automatic;
					};
					5BF0D35D1F6A60F500698821 = {
						CreatedOnToolsVersion = 8.2.1;
						ProvisioningStyle = Automatic;
						TestTargetID = 5BF0D3411F6A60F400698821;
					};
				};
			};
			buildConfigurationList = 5BF0D33D1F6A60F400698821 /* Build configuration list for PBXProject "HackerNewsReader" */;
			compatibilityVersion = "Xcode 3.2";
			developmentRegion = English;
			hasScannedForEncodings = 0;
			knownRegions = (
				en,
				Base,
			);
			mainGroup = 5BF0D3391F6A60F400698821;
			productRefGroup = 5BF0D3431F6A60F400698821 /* Products */;
			projectDirPath = "";
			projectRoot = "";
			targets = (
				5BF0D3411F6A60F400698821 /* HackerNewsReader */,
				5BF0D35D1F6A60F500698821 /* HackerNewsReaderTests */,
			);
		};
/* End PBXProject section */

/* Begin PBXResourcesBuildPhase section */
		5BF0D3401F6A60F400698821 /* Resources */ = {
			isa = PBXResourcesBuildPhase;
			buildActionMask = 2147483647;
			files = (
				5BF0D3781F6A6AEC00698821 /* Main.storyboard in Resources */,
				5BF0D3551F6A60F500698821 /* Assets.xcassets in Resources */,
				5BF0D3771F6A6AEC00698821 /* LaunchScreen.storyboard in Resources */,
				5BF0D3A91F6AF48E00698821 /* StoryTableViewCell.xib in Resources */,
			);
			runOnlyForDeploymentPostprocessing = 0;
		};
		5BF0D35C1F6A60F500698821 /* Resources */ = {
			isa = PBXResourcesBuildPhase;
			buildActionMask = 2147483647;
			files = (
			);
			runOnlyForDeploymentPostprocessing = 0;
		};
/* End PBXResourcesBuildPhase section */

/* Begin PBXShellScriptBuildPhase section */
		218043AC01F7E9F961CEA154 /* [CP] Check Pods Manifest.lock */ = {
			isa = PBXShellScriptBuildPhase;
			buildActionMask = 2147483647;
			files = (
			);
			inputPaths = (
			);
			name = "[CP] Check Pods Manifest.lock";
			outputPaths = (
			);
			runOnlyForDeploymentPostprocessing = 0;
			shellPath = /bin/sh;
			shellScript = "diff \"${PODS_ROOT}/../Podfile.lock\" \"${PODS_ROOT}/Manifest.lock\" > /dev/null\nif [ $? != 0 ] ; then\n    # print error to STDERR\n    echo \"error: The sandbox is not in sync with the Podfile.lock. Run 'pod install' or update your CocoaPods installation.\" >&2\n    exit 1\nfi\n";
			showEnvVarsInLog = 0;
		};
		5E0823E0CAA7B9E5A5FF799A /* [CP] Check Pods Manifest.lock */ = {
			isa = PBXShellScriptBuildPhase;
			buildActionMask = 2147483647;
			files = (
			);
			inputPaths = (
			);
			name = "[CP] Check Pods Manifest.lock";
			outputPaths = (
			);
			runOnlyForDeploymentPostprocessing = 0;
			shellPath = /bin/sh;
			shellScript = "diff \"${PODS_ROOT}/../Podfile.lock\" \"${PODS_ROOT}/Manifest.lock\" > /dev/null\nif [ $? != 0 ] ; then\n    # print error to STDERR\n    echo \"error: The sandbox is not in sync with the Podfile.lock. Run 'pod install' or update your CocoaPods installation.\" >&2\n    exit 1\nfi\n";
			showEnvVarsInLog = 0;
		};
		6B35C6D2A653584805887BEE /* [CP] Copy Pods Resources */ = {
			isa = PBXShellScriptBuildPhase;
			buildActionMask = 2147483647;
			files = (
			);
			inputPaths = (
			);
			name = "[CP] Copy Pods Resources";
			outputPaths = (
			);
			runOnlyForDeploymentPostprocessing = 0;
			shellPath = /bin/sh;
			shellScript = "\"${SRCROOT}/Pods/Target Support Files/Pods-HackerNewsReader/Pods-HackerNewsReader-resources.sh\"\n";
			showEnvVarsInLog = 0;
		};
		9FCE87516B8696BBD4F0FB32 /* [CP] Copy Pods Resources */ = {
			isa = PBXShellScriptBuildPhase;
			buildActionMask = 2147483647;
			files = (
			);
			inputPaths = (
			);
			name = "[CP] Copy Pods Resources";
			outputPaths = (
			);
			runOnlyForDeploymentPostprocessing = 0;
			shellPath = /bin/sh;
			shellScript = "\"${SRCROOT}/Pods/Target Support Files/Pods-HackerNewsReaderTests/Pods-HackerNewsReaderTests-resources.sh\"\n";
			showEnvVarsInLog = 0;
		};
		AB7AF0BDDEA1A862A4CEDEB3 /* [CP] Embed Pods Frameworks */ = {
			isa = PBXShellScriptBuildPhase;
			buildActionMask = 2147483647;
			files = (
			);
			inputPaths = (
			);
			name = "[CP] Embed Pods Frameworks";
			outputPaths = (
			);
			runOnlyForDeploymentPostprocessing = 0;
			shellPath = /bin/sh;
			shellScript = "\"${SRCROOT}/Pods/Target Support Files/Pods-HackerNewsReaderTests/Pods-HackerNewsReaderTests-frameworks.sh\"\n";
			showEnvVarsInLog = 0;
		};
		FABEAF4C5762F94ED98A653E /* [CP] Embed Pods Frameworks */ = {
			isa = PBXShellScriptBuildPhase;
			buildActionMask = 2147483647;
			files = (
			);
			inputPaths = (
			);
			name = "[CP] Embed Pods Frameworks";
			outputPaths = (
			);
			runOnlyForDeploymentPostprocessing = 0;
			shellPath = /bin/sh;
			shellScript = "\"${SRCROOT}/Pods/Target Support Files/Pods-HackerNewsReader/Pods-HackerNewsReader-frameworks.sh\"\n";
			showEnvVarsInLog = 0;
		};
/* End PBXShellScriptBuildPhase section */

/* Begin PBXSourcesBuildPhase section */
		5BF0D33E1F6A60F400698821 /* Sources */ = {
			isa = PBXSourcesBuildPhase;
			buildActionMask = 2147483647;
			files = (
				5BF0D39F1F6AE40A00698821 /* HackerNewsStory.m in Sources */,
				5BF0D39C1F6ACACD00698821 /* HackerNewsApiClient.m in Sources */,
				5BF0D37E1F6A6B0200698821 /* SavedForLaterViewController.m in Sources */,
				5BF0D34A1F6A60F400698821 /* AppDelegate.m in Sources */,
				5BF0D3961F6AC38400698821 /* NewsStory+CoreDataProperties.m in Sources */,
				5BF0D3A81F6AF48E00698821 /* StoryTableViewCell.m in Sources */,
				5BF0D3871F6A78D500698821 /* NewsStoryViewController.m in Sources */,
				5BF0D3901F6AC0F900698821 /* Model.xcdatamodeld in Sources */,
				5BF0D37D1F6A6B0200698821 /* NewTopViewController.m in Sources */,
				5BF0D3471F6A60F400698821 /* main.m in Sources */,
				5BF0D3951F6AC38400698821 /* NewsStory+CoreDataClass.m in Sources */,
				5BF0D3A21F6AEE1E00698821 /* NewsStoriesDataSource.m in Sources */,
			);
			runOnlyForDeploymentPostprocessing = 0;
		};
		5BF0D35A1F6A60F500698821 /* Sources */ = {
			isa = PBXSourcesBuildPhase;
			buildActionMask = 2147483647;
			files = (
				5BF0D3631F6A60F500698821 /* HackerNewsReaderTests.m in Sources */,
			);
			runOnlyForDeploymentPostprocessing = 0;
		};
/* End PBXSourcesBuildPhase section */

/* Begin PBXTargetDependency section */
		5BF0D3601F6A60F500698821 /* PBXTargetDependency */ = {
			isa = PBXTargetDependency;
			target = 5BF0D3411F6A60F400698821 /* HackerNewsReader */;
			targetProxy = 5BF0D35F1F6A60F500698821 /* PBXContainerItemProxy */;
		};
/* End PBXTargetDependency section */

/* Begin PBXVariantGroup section */
		5BF0D3731F6A6AEC00698821 /* LaunchScreen.storyboard */ = {
			isa = PBXVariantGroup;
			children = (
				5BF0D3741F6A6AEC00698821 /* Base */,
			);
			name = LaunchScreen.storyboard;
			sourceTree = "<group>";
		};
		5BF0D3751F6A6AEC00698821 /* Main.storyboard */ = {
			isa = PBXVariantGroup;
			children = (
				5BF0D3761F6A6AEC00698821 /* Base */,
			);
			name = Main.storyboard;
			sourceTree = "<group>";
		};
/* End PBXVariantGroup section */

/* Begin XCBuildConfiguration section */
		5BF0D3651F6A60F500698821 /* Debug */ = {
			isa = XCBuildConfiguration;
			buildSettings = {
				ALWAYS_SEARCH_USER_PATHS = NO;
				CLANG_ANALYZER_NONNULL = YES;
				CLANG_CXX_LANGUAGE_STANDARD = "gnu++0x";
				CLANG_CXX_LIBRARY = "libc++";
				CLANG_ENABLE_MODULES = YES;
				CLANG_ENABLE_OBJC_ARC = YES;
				CLANG_WARN_BOOL_CONVERSION = YES;
				CLANG_WARN_CONSTANT_CONVERSION = YES;
				CLANG_WARN_DIRECT_OBJC_ISA_USAGE = YES_ERROR;
				CLANG_WARN_DOCUMENTATION_COMMENTS = YES;
				CLANG_WARN_EMPTY_BODY = YES;
				CLANG_WARN_ENUM_CONVERSION = YES;
				CLANG_WARN_INFINITE_RECURSION = YES;
				CLANG_WARN_INT_CONVERSION = YES;
				CLANG_WARN_OBJC_ROOT_CLASS = YES_ERROR;
				CLANG_WARN_SUSPICIOUS_MOVE = YES;
				CLANG_WARN_UNREACHABLE_CODE = YES;
				CLANG_WARN__DUPLICATE_METHOD_MATCH = YES;
				"CODE_SIGN_IDENTITY[sdk=iphoneos*]" = "iPhone Developer";
				COPY_PHASE_STRIP = NO;
				DEBUG_INFORMATION_FORMAT = dwarf;
				ENABLE_STRICT_OBJC_MSGSEND = YES;
				ENABLE_TESTABILITY = YES;
				GCC_C_LANGUAGE_STANDARD = gnu99;
				GCC_DYNAMIC_NO_PIC = NO;
				GCC_NO_COMMON_BLOCKS = YES;
				GCC_OPTIMIZATION_LEVEL = 0;
				GCC_PREPROCESSOR_DEFINITIONS = (
					"DEBUG=1",
					"$(inherited)",
				);
				GCC_WARN_64_TO_32_BIT_CONVERSION = YES;
				GCC_WARN_ABOUT_RETURN_TYPE = YES_ERROR;
				GCC_WARN_UNDECLARED_SELECTOR = YES;
				GCC_WARN_UNINITIALIZED_AUTOS = YES_AGGRESSIVE;
				GCC_WARN_UNUSED_FUNCTION = YES;
				GCC_WARN_UNUSED_VARIABLE = YES;
				IPHONEOS_DEPLOYMENT_TARGET = 10.2;
				MTL_ENABLE_DEBUG_INFO = YES;
				ONLY_ACTIVE_ARCH = YES;
				SDKROOT = iphoneos;
				TARGETED_DEVICE_FAMILY = "1,2";
			};
			name = Debug;
		};
		5BF0D3661F6A60F500698821 /* Release */ = {
			isa = XCBuildConfiguration;
			buildSettings = {
				ALWAYS_SEARCH_USER_PATHS = NO;
				CLANG_ANALYZER_NONNULL = YES;
				CLANG_CXX_LANGUAGE_STANDARD = "gnu++0x";
				CLANG_CXX_LIBRARY = "libc++";
				CLANG_ENABLE_MODULES = YES;
				CLANG_ENABLE_OBJC_ARC = YES;
				CLANG_WARN_BOOL_CONVERSION = YES;
				CLANG_WARN_CONSTANT_CONVERSION = YES;
				CLANG_WARN_DIRECT_OBJC_ISA_USAGE = YES_ERROR;
				CLANG_WARN_DOCUMENTATION_COMMENTS = YES;
				CLANG_WARN_EMPTY_BODY = YES;
				CLANG_WARN_ENUM_CONVERSION = YES;
				CLANG_WARN_INFINITE_RECURSION = YES;
				CLANG_WARN_INT_CONVERSION = YES;
				CLANG_WARN_OBJC_ROOT_CLASS = YES_ERROR;
				CLANG_WARN_SUSPICIOUS_MOVE = YES;
				CLANG_WARN_UNREACHABLE_CODE = YES;
				CLANG_WARN__DUPLICATE_METHOD_MATCH = YES;
				"CODE_SIGN_IDENTITY[sdk=iphoneos*]" = "iPhone Developer";
				COPY_PHASE_STRIP = NO;
				DEBUG_INFORMATION_FORMAT = "dwarf-with-dsym";
				ENABLE_NS_ASSERTIONS = NO;
				ENABLE_STRICT_OBJC_MSGSEND = YES;
				GCC_C_LANGUAGE_STANDARD = gnu99;
				GCC_NO_COMMON_BLOCKS = YES;
				GCC_WARN_64_TO_32_BIT_CONVERSION = YES;
				GCC_WARN_ABOUT_RETURN_TYPE = YES_ERROR;
				GCC_WARN_UNDECLARED_SELECTOR = YES;
				GCC_WARN_UNINITIALIZED_AUTOS = YES_AGGRESSIVE;
				GCC_WARN_UNUSED_FUNCTION = YES;
				GCC_WARN_UNUSED_VARIABLE = YES;
				IPHONEOS_DEPLOYMENT_TARGET = 10.2;
				MTL_ENABLE_DEBUG_INFO = NO;
				SDKROOT = iphoneos;
				TARGETED_DEVICE_FAMILY = "1,2";
				VALIDATE_PRODUCT = YES;
			};
			name = Release;
		};
		5BF0D3681F6A60F500698821 /* Debug */ = {
			isa = XCBuildConfiguration;
			baseConfigurationReference = F5E11DD482E34D759B495DDD /* Pods-HackerNewsReader.debug.xcconfig */;
			buildSettings = {
				ASSETCATALOG_COMPILER_APPICON_NAME = AppIcon;
				INFOPLIST_FILE = HackerNewsReader/Info.plist;
				LD_RUNPATH_SEARCH_PATHS = "$(inherited) @executable_path/Frameworks";
				PRODUCT_BUNDLE_IDENTIFIER = cvlad.HackerNewsReader;
				PRODUCT_NAME = "$(TARGET_NAME)";
			};
			name = Debug;
		};
		5BF0D3691F6A60F500698821 /* Release */ = {
			isa = XCBuildConfiguration;
			baseConfigurationReference = C7F0E4E077D8805A06D0E74D /* Pods-HackerNewsReader.release.xcconfig */;
			buildSettings = {
				ASSETCATALOG_COMPILER_APPICON_NAME = AppIcon;
				INFOPLIST_FILE = HackerNewsReader/Info.plist;
				LD_RUNPATH_SEARCH_PATHS = "$(inherited) @executable_path/Frameworks";
				PRODUCT_BUNDLE_IDENTIFIER = cvlad.HackerNewsReader;
				PRODUCT_NAME = "$(TARGET_NAME)";
			};
			name = Release;
		};
		5BF0D36B1F6A60F500698821 /* Debug */ = {
			isa = XCBuildConfiguration;
			baseConfigurationReference = 8D91C4C247B2E07AF9FDBA16 /* Pods-HackerNewsReaderTests.debug.xcconfig */;
			buildSettings = {
				BUNDLE_LOADER = "$(TEST_HOST)";
				INFOPLIST_FILE = HackerNewsReaderTests/Info.plist;
				LD_RUNPATH_SEARCH_PATHS = "$(inherited) @executable_path/Frameworks @loader_path/Frameworks";
				PRODUCT_BUNDLE_IDENTIFIER = cvlad.HackerNewsReaderTests;
				PRODUCT_NAME = "$(TARGET_NAME)";
				TEST_HOST = "$(BUILT_PRODUCTS_DIR)/HackerNewsReader.app/HackerNewsReader";
			};
			name = Debug;
		};
		5BF0D36C1F6A60F500698821 /* Release */ = {
			isa = XCBuildConfiguration;
			baseConfigurationReference = 2EC9C2B50D041D1DD8812F52 /* Pods-HackerNewsReaderTests.release.xcconfig */;
			buildSettings = {
				BUNDLE_LOADER = "$(TEST_HOST)";
				INFOPLIST_FILE = HackerNewsReaderTests/Info.plist;
				LD_RUNPATH_SEARCH_PATHS = "$(inherited) @executable_path/Frameworks @loader_path/Frameworks";
				PRODUCT_BUNDLE_IDENTIFIER = cvlad.HackerNewsReaderTests;
				PRODUCT_NAME = "$(TARGET_NAME)";
				TEST_HOST = "$(BUILT_PRODUCTS_DIR)/HackerNewsReader.app/HackerNewsReader";
			};
			name = Release;
		};
/* End XCBuildConfiguration section */

/* Begin XCConfigurationList section */
		5BF0D33D1F6A60F400698821 /* Build configuration list for PBXProject "HackerNewsReader" */ = {
			isa = XCConfigurationList;
			buildConfigurations = (
				5BF0D3651F6A60F500698821 /* Debug */,
				5BF0D3661F6A60F500698821 /* Release */,
			);
			defaultConfigurationIsVisible = 0;
			defaultConfigurationName = Release;
		};
		5BF0D3671F6A60F500698821 /* Build configuration list for PBXNativeTarget "HackerNewsReader" */ = {
			isa = XCConfigurationList;
			buildConfigurations = (
				5BF0D3681F6A60F500698821 /* Debug */,
				5BF0D3691F6A60F500698821 /* Release */,
			);
			defaultConfigurationIsVisible = 0;
			defaultConfigurationName = Release;
		};
		5BF0D36A1F6A60F500698821 /* Build configuration list for PBXNativeTarget "HackerNewsReaderTests" */ = {
			isa = XCConfigurationList;
			buildConfigurations = (
				5BF0D36B1F6A60F500698821 /* Debug */,
				5BF0D36C1F6A60F500698821 /* Release */,
			);
			defaultConfigurationIsVisible = 0;
			defaultConfigurationName = Release;
		};
/* End XCConfigurationList section */

/* Begin XCVersionGroup section */
		5BF0D38E1F6AC0F900698821 /* Model.xcdatamodeld */ = {
			isa = XCVersionGroup;
			children = (
				5BF0D38F1F6AC0F900698821 /* Model.xcdatamodel */,
			);
			currentVersion = 5BF0D38F1F6AC0F900698821 /* Model.xcdatamodel */;
			name = Model.xcdatamodeld;
			path = Models/Model.xcdatamodeld;
			sourceTree = "<group>";
			versionGroupType = wrapper.xcdatamodel;
		};
/* End XCVersionGroup section */
	};
	rootObject = 5BF0D33A1F6A60F400698821 /* Project object */;
}
